
Microsoft Visual Studio Solution File, Format Version 12.00
# Visual Studio Version 17
VisualStudioVersion = 17.6.33712.159
MinimumVisualStudioVersion = 10.0.40219.1
Project("{8BC9CEB8-8B4A-11D0-8D11-00A0C91BC942}") = "Homeworks", "Homeworks.vcxproj", "{9222D5A2-299A-459B-992D-6AAA7188C5AA}"
EndProject
Global
	GlobalSection(SolutionConfigurationPlatforms) = preSolution
		Debug|x64 = Debug|x64
		Debug|x86 = Debug|x86
		Release|x64 = Release|x64
		Release|x86 = Release|x86
	EndGlobalSection
	GlobalSection(ProjectConfigurationPlatforms) = postSolution
		{9222D5A2-299A-459B-992D-6AAA7188C5AA}.Debug|x64.ActiveCfg = Debug|x64
		{9222D5A2-299A-459B-992D-6AAA7188C5AA}.Debug|x64.Build.0 = Debug|x64
		{9222D5A2-299A-459B-992D-6AAA7188C5AA}.Debug|x86.ActiveCfg = Debug|Win32
		{9222D5A2-299A-459B-992D-6AAA7188C5AA}.Debug|x86.Build.0 = Debug|Win32
		{9222D5A2-299A-459B-992D-6AAA7188C5AA}.Release|x64.ActiveCfg = Release|x64
		{9222D5A2-299A-459B-992D-6AAA7188C5AA}.Release|x64.Build.0 = Release|x64
		{9222D5A2-299A-459B-992D-6AAA7188C5AA}.Release|x86.ActiveCfg = Release|Win32
		{9222D5A2-299A-459B-992D-6AAA7188C5AA}.Release|x86.Build.0 = Release|Win32
	EndGlobalSection
	GlobalSection(SolutionProperties) = preSolution
		HideSolutionNode = FALSE
	EndGlobalSection
	GlobalSection(ExtensibilityGlobals) = postSolution
		SolutionGuid = {D5351960-323A-4CB9-84D7-806C304E5D3B}
	EndGlobalSection
EndGlobal
